
Microsoft Visual Studio Solution File, Format Version 12.00
# Visual Studio Version 17
VisualStudioVersion = 17.9.34622.214
MinimumVisualStudioVersion = 10.0.40219.1
Project("{9A19103F-16F7-4668-BE54-9A1E7A4F7556}") = "SWEN_KOMM_Kim", "SWEN_KOMM_Kim\SWEN_KOMM_Kim.csproj", "{4D653C14-F737-4A9D-9171-E3302EC96D64}"
EndProject
Project("{FAE04EC0-301F-11D3-BF4B-00C04F79EFBC}") = "SWEN_KOMM_Kim.Test", "SWEN_KOMM_Kim.Test\SWEN_KOMM_Kim.Test.csproj", "{9EF23847-E145-4B19-9AA6-534F21238C69}"
EndProject
Global
	GlobalSection(SolutionConfigurationPlatforms) = preSolution
		Debug|Any CPU = Debug|Any CPU
		Release|Any CPU = Release|Any CPU
	EndGlobalSection
	GlobalSection(ProjectConfigurationPlatforms) = postSolution
		{4D653C14-F737-4A9D-9171-E3302EC96D64}.Debug|Any CPU.ActiveCfg = Debug|Any CPU
		{4D653C14-F737-4A9D-9171-E3302EC96D64}.Debug|Any CPU.Build.0 = Debug|Any CPU
		{4D653C14-F737-4A9D-9171-E3302EC96D64}.Release|Any CPU.ActiveCfg = Release|Any CPU
		{4D653C14-F737-4A9D-9171-E3302EC96D64}.Release|Any CPU.Build.0 = Release|Any CPU
		{9EF23847-E145-4B19-9AA6-534F21238C69}.Debug|Any CPU.ActiveCfg = Debug|Any CPU
		{9EF23847-E145-4B19-9AA6-534F21238C69}.Debug|Any CPU.Build.0 = Debug|Any CPU
		{9EF23847-E145-4B19-9AA6-534F21238C69}.Release|Any CPU.ActiveCfg = Release|Any CPU
		{9EF23847-E145-4B19-9AA6-534F21238C69}.Release|Any CPU.Build.0 = Release|Any CPU
	EndGlobalSection
	GlobalSection(SolutionProperties) = preSolution
		HideSolutionNode = FALSE
	EndGlobalSection
	GlobalSection(ExtensibilityGlobals) = postSolution
		SolutionGuid = {AD4B41DF-6B66-43C0-8E86-D7EFC2A7C8EE}
	EndGlobalSection
EndGlobal
